
Microsoft Visual Studio Solution File, Format Version 12.00
# Visual Studio 2013
VisualStudioVersion = 12.0.31101.0
MinimumVisualStudioVersion = 10.0.40219.1
Project("{FAE04EC0-301F-11D3-BF4B-00C04F79EFBC}") = "Lab1Servidor", "Lab1ARC\Lab1Servidor.csproj", "{1831861C-D922-422B-AA0A-3B4380CA62E7}"
EndProject
Project("{FAE04EC0-301F-11D3-BF4B-00C04F79EFBC}") = "Lab2Cliente", "Lab2Cliente\Lab2Cliente.csproj", "{8E4DED48-C39C-48E1-A2B9-37D549C7657B}"
EndProject
Project("{FAE04EC0-301F-11D3-BF4B-00C04F79EFBC}") = "Lab3ServidorConcurrente", "Lab3ServidorConcurrente\Lab3ServidorConcurrente.csproj", "{54899CBD-89C2-4A80-A13E-448F41365E46}"
EndProject
Global
	GlobalSection(SolutionConfigurationPlatforms) = preSolution
		Debug|Any CPU = Debug|Any CPU
		Release|Any CPU = Release|Any CPU
	EndGlobalSection
	GlobalSection(ProjectConfigurationPlatforms) = postSolution
		{1831861C-D922-422B-AA0A-3B4380CA62E7}.Debug|Any CPU.ActiveCfg = Debug|Any CPU
		{1831861C-D922-422B-AA0A-3B4380CA62E7}.Debug|Any CPU.Build.0 = Debug|Any CPU
		{1831861C-D922-422B-AA0A-3B4380CA62E7}.Release|Any CPU.ActiveCfg = Release|Any CPU
		{1831861C-D922-422B-AA0A-3B4380CA62E7}.Release|Any CPU.Build.0 = Release|Any CPU
		{8E4DED48-C39C-48E1-A2B9-37D549C7657B}.Debug|Any CPU.ActiveCfg = Debug|Any CPU
		{8E4DED48-C39C-48E1-A2B9-37D549C7657B}.Debug|Any CPU.Build.0 = Debug|Any CPU
		{8E4DED48-C39C-48E1-A2B9-37D549C7657B}.Release|Any CPU.ActiveCfg = Release|Any CPU
		{8E4DED48-C39C-48E1-A2B9-37D549C7657B}.Release|Any CPU.Build.0 = Release|Any CPU
		{54899CBD-89C2-4A80-A13E-448F41365E46}.Debug|Any CPU.ActiveCfg = Debug|Any CPU
		{54899CBD-89C2-4A80-A13E-448F41365E46}.Debug|Any CPU.Build.0 = Debug|Any CPU
		{54899CBD-89C2-4A80-A13E-448F41365E46}.Release|Any CPU.ActiveCfg = Release|Any CPU
		{54899CBD-89C2-4A80-A13E-448F41365E46}.Release|Any CPU.Build.0 = Release|Any CPU
	EndGlobalSection
	GlobalSection(SolutionProperties) = preSolution
		HideSolutionNode = FALSE
	EndGlobalSection
EndGlobal
